// !$*UTF8*$!
{
	archiveVersion = 1;
	classes = {
	};
	objectVersion = 77;
	objects = {

/* Begin PBXBuildFile section */
		3D1B2F8D2D34126F00C69835 /* Utils in Frameworks */ = {isa = PBXBuildFile; productRef = 3D1B2F8C2D34126F00C69835 /* Utils */; };
		3D1B2F962D34239D00C69835 /* Models in Frameworks */ = {isa = PBXBuildFile; productRef = 3D1B2F952D34239D00C69835 /* Models */; };
		3D7001802D31EB13007D24AB /* ComposableArchitecture in Frameworks */ = {isa = PBXBuildFile; productRef = 3D70017F2D31EB13007D24AB /* ComposableArchitecture */; };
		3D7001CF2D3292C6007D24AB /* SpaceXApiService in Frameworks */ = {isa = PBXBuildFile; productRef = 3D7001CE2D3292C6007D24AB /* SpaceXApiService */; };
		3D7001EB2D340B15007D24AB /* Atoms in Frameworks */ = {isa = PBXBuildFile; productRef = 3D7001EA2D340B15007D24AB /* Atoms */; };
		3D7001ED2D340B15007D24AB /* Locs in Frameworks */ = {isa = PBXBuildFile; productRef = 3D7001EC2D340B15007D24AB /* Locs */; };
		3D7001EF2D340B15007D24AB /* Molecules in Frameworks */ = {isa = PBXBuildFile; productRef = 3D7001EE2D340B15007D24AB /* Molecules */; };
		3D7001F12D340B15007D24AB /* Organisms in Frameworks */ = {isa = PBXBuildFile; productRef = 3D7001F02D340B15007D24AB /* Organisms */; };
		3D7001F32D340B15007D24AB /* Style in Frameworks */ = {isa = PBXBuildFile; productRef = 3D7001F22D340B15007D24AB /* Style */; };
		3D7001F52D340B15007D24AB /* Templates in Frameworks */ = {isa = PBXBuildFile; productRef = 3D7001F42D340B15007D24AB /* Templates */; };
/* End PBXBuildFile section */

/* Begin PBXContainerItemProxy section */
		3D2119B92D31E635008E5581 /* PBXContainerItemProxy */ = {
			isa = PBXContainerItemProxy;
			containerPortal = 3D21199E2D31E633008E5581 /* Project object */;
			proxyType = 1;
			remoteGlobalIDString = 3D2119A52D31E633008E5581;
			remoteInfo = "iOS-spaceX-quanti";
		};
		3D2119C32D31E635008E5581 /* PBXContainerItemProxy */ = {
			isa = PBXContainerItemProxy;
			containerPortal = 3D21199E2D31E633008E5581 /* Project object */;
			proxyType = 1;
			remoteGlobalIDString = 3D2119A52D31E633008E5581;
			remoteInfo = "iOS-spaceX-quanti";
		};
/* End PBXContainerItemProxy section */

/* Begin PBXFileReference section */
		3D1B2F8B2D34125900C69835 /* Utils */ = {isa = PBXFileReference; lastKnownFileType = wrapper; path = Utils; sourceTree = "<group>"; };
		3D2119A62D31E633008E5581 /* iOS-spaceX-quanti.app */ = {isa = PBXFileReference; explicitFileType = wrapper.application; includeInIndex = 0; path = "iOS-spaceX-quanti.app"; sourceTree = BUILT_PRODUCTS_DIR; };
		3D2119B82D31E635008E5581 /* iOS-spaceX-quantiTests.xctest */ = {isa = PBXFileReference; explicitFileType = wrapper.cfbundle; includeInIndex = 0; path = "iOS-spaceX-quantiTests.xctest"; sourceTree = BUILT_PRODUCTS_DIR; };
		3D2119C22D31E635008E5581 /* iOS-spaceX-quantiUITests.xctest */ = {isa = PBXFileReference; explicitFileType = wrapper.cfbundle; includeInIndex = 0; path = "iOS-spaceX-quantiUITests.xctest"; sourceTree = BUILT_PRODUCTS_DIR; };
		3D70018E2D327A56007D24AB /* Models */ = {isa = PBXFileReference; lastKnownFileType = wrapper; path = Models; sourceTree = "<group>"; };
/* End PBXFileReference section */

/* Begin PBXFileSystemSynchronizedBuildFileExceptionSet section */
		3D7001902D328BBF007D24AB /* Exceptions for "Services" folder in "iOS-spaceX-quanti" target */ = {
			isa = PBXFileSystemSynchronizedBuildFileExceptionSet;
			membershipExceptions = (
				APIService,
				Locs,
				SpaceXApiService,
			);
			target = 3D2119A52D31E633008E5581 /* iOS-spaceX-quanti */;
		};
		3D7001E22D33F9F4007D24AB /* Exceptions for "iOS-spaceX-quanti" folder in "iOS-spaceX-quanti" target */ = {
			isa = PBXFileSystemSynchronizedBuildFileExceptionSet;
			membershipExceptions = (
				Components/Atoms,
				Components/Molecules,
				Components/Organisms,
				Components/Style,
				Components/Templates,
			);
			target = 3D2119A52D31E633008E5581 /* iOS-spaceX-quanti */;
		};
/* End PBXFileSystemSynchronizedBuildFileExceptionSet section */

/* Begin PBXFileSystemSynchronizedRootGroup section */
		3D2119A82D31E633008E5581 /* iOS-spaceX-quanti */ = {
			isa = PBXFileSystemSynchronizedRootGroup;
			exceptions = (
				3D7001E22D33F9F4007D24AB /* Exceptions for "iOS-spaceX-quanti" folder in "iOS-spaceX-quanti" target */,
			);
			path = "iOS-spaceX-quanti";
			sourceTree = "<group>";
		};
		3D2119BB2D31E635008E5581 /* iOS-spaceX-quantiTests */ = {
			isa = PBXFileSystemSynchronizedRootGroup;
			path = "iOS-spaceX-quantiTests";
			sourceTree = "<group>";
		};
		3D2119C52D31E635008E5581 /* iOS-spaceX-quantiUITests */ = {
			isa = PBXFileSystemSynchronizedRootGroup;
			path = "iOS-spaceX-quantiUITests";
			sourceTree = "<group>";
		};
		3D70018D2D327A27007D24AB /* Services */ = {
			isa = PBXFileSystemSynchronizedRootGroup;
			exceptions = (
				3D7001902D328BBF007D24AB /* Exceptions for "Services" folder in "iOS-spaceX-quanti" target */,
			);
			path = Services;
			sourceTree = "<group>";
		};
/* End PBXFileSystemSynchronizedRootGroup section */

/* Begin PBXFrameworksBuildPhase section */
		3D2119A32D31E633008E5581 /* Frameworks */ = {
			isa = PBXFrameworksBuildPhase;
			buildActionMask = 2147483647;
			files = (
				3D1B2F962D34239D00C69835 /* Models in Frameworks */,
				3D7001EF2D340B15007D24AB /* Molecules in Frameworks */,
				3D7001F12D340B15007D24AB /* Organisms in Frameworks */,
				3D1B2F8D2D34126F00C69835 /* Utils in Frameworks */,
				3D7001ED2D340B15007D24AB /* Locs in Frameworks */,
				3D7001EB2D340B15007D24AB /* Atoms in Frameworks */,
				3D7001802D31EB13007D24AB /* ComposableArchitecture in Frameworks */,
				3D7001F52D340B15007D24AB /* Templates in Frameworks */,
				3D7001F32D340B15007D24AB /* Style in Frameworks */,
				3D7001CF2D3292C6007D24AB /* SpaceXApiService in Frameworks */,
			);
			runOnlyForDeploymentPostprocessing = 0;
		};
		3D2119B52D31E635008E5581 /* Frameworks */ = {
			isa = PBXFrameworksBuildPhase;
			buildActionMask = 2147483647;
			files = (
			);
			runOnlyForDeploymentPostprocessing = 0;
		};
		3D2119BF2D31E635008E5581 /* Frameworks */ = {
			isa = PBXFrameworksBuildPhase;
			buildActionMask = 2147483647;
			files = (
			);
			runOnlyForDeploymentPostprocessing = 0;
		};
/* End PBXFrameworksBuildPhase section */

/* Begin PBXGroup section */
		3D21199D2D31E633008E5581 = {
			isa = PBXGroup;
			children = (
				3D70018E2D327A56007D24AB /* Models */,
				3D1B2F8B2D34125900C69835 /* Utils */,
				3D70018D2D327A27007D24AB /* Services */,
				3D2119A82D31E633008E5581 /* iOS-spaceX-quanti */,
				3D2119BB2D31E635008E5581 /* iOS-spaceX-quantiTests */,
				3D2119C52D31E635008E5581 /* iOS-spaceX-quantiUITests */,
				3D70017E2D31EB13007D24AB /* Frameworks */,
				3D2119A72D31E633008E5581 /* Products */,
			);
			sourceTree = "<group>";
		};
		3D2119A72D31E633008E5581 /* Products */ = {
			isa = PBXGroup;
			children = (
				3D2119A62D31E633008E5581 /* iOS-spaceX-quanti.app */,
				3D2119B82D31E635008E5581 /* iOS-spaceX-quantiTests.xctest */,
				3D2119C22D31E635008E5581 /* iOS-spaceX-quantiUITests.xctest */,
			);
			name = Products;
			sourceTree = "<group>";
		};
		3D70017E2D31EB13007D24AB /* Frameworks */ = {
			isa = PBXGroup;
			children = (
			);
			name = Frameworks;
			sourceTree = "<group>";
		};
/* End PBXGroup section */

/* Begin PBXNativeTarget section */
		3D2119A52D31E633008E5581 /* iOS-spaceX-quanti */ = {
			isa = PBXNativeTarget;
			buildConfigurationList = 3D2119CC2D31E635008E5581 /* Build configuration list for PBXNativeTarget "iOS-spaceX-quanti" */;
			buildPhases = (
				3D1B304E2D347EDB00C69835 /* Swiftlint */,
				3D2119A22D31E633008E5581 /* Sources */,
				3D2119A32D31E633008E5581 /* Frameworks */,
				3D2119A42D31E633008E5581 /* Resources */,
			);
			buildRules = (
			);
			dependencies = (
			);
			fileSystemSynchronizedGroups = (
				3D2119A82D31E633008E5581 /* iOS-spaceX-quanti */,
				3D70018D2D327A27007D24AB /* Services */,
			);
			name = "iOS-spaceX-quanti";
			packageProductDependencies = (
				3D70017F2D31EB13007D24AB /* ComposableArchitecture */,
				3D7001CE2D3292C6007D24AB /* SpaceXApiService */,
				3D7001EA2D340B15007D24AB /* Atoms */,
				3D7001EC2D340B15007D24AB /* Locs */,
				3D7001EE2D340B15007D24AB /* Molecules */,
				3D7001F02D340B15007D24AB /* Organisms */,
				3D7001F22D340B15007D24AB /* Style */,
				3D7001F42D340B15007D24AB /* Templates */,
				3D1B2F8C2D34126F00C69835 /* Utils */,
				3D1B2F952D34239D00C69835 /* Models */,
			);
			productName = "iOS-spaceX-quanti";
			productReference = 3D2119A62D31E633008E5581 /* iOS-spaceX-quanti.app */;
			productType = "com.apple.product-type.application";
		};
		3D2119B72D31E635008E5581 /* iOS-spaceX-quantiTests */ = {
			isa = PBXNativeTarget;
			buildConfigurationList = 3D2119CF2D31E635008E5581 /* Build configuration list for PBXNativeTarget "iOS-spaceX-quantiTests" */;
			buildPhases = (
				3D2119B42D31E635008E5581 /* Sources */,
				3D2119B52D31E635008E5581 /* Frameworks */,
				3D2119B62D31E635008E5581 /* Resources */,
			);
			buildRules = (
			);
			dependencies = (
				3D2119BA2D31E635008E5581 /* PBXTargetDependency */,
			);
			fileSystemSynchronizedGroups = (
				3D2119BB2D31E635008E5581 /* iOS-spaceX-quantiTests */,
			);
			name = "iOS-spaceX-quantiTests";
			packageProductDependencies = (
			);
			productName = "iOS-spaceX-quantiTests";
			productReference = 3D2119B82D31E635008E5581 /* iOS-spaceX-quantiTests.xctest */;
			productType = "com.apple.product-type.bundle.unit-test";
		};
		3D2119C12D31E635008E5581 /* iOS-spaceX-quantiUITests */ = {
			isa = PBXNativeTarget;
			buildConfigurationList = 3D2119D22D31E635008E5581 /* Build configuration list for PBXNativeTarget "iOS-spaceX-quantiUITests" */;
			buildPhases = (
				3D2119BE2D31E635008E5581 /* Sources */,
				3D2119BF2D31E635008E5581 /* Frameworks */,
				3D2119C02D31E635008E5581 /* Resources */,
			);
			buildRules = (
			);
			dependencies = (
				3D2119C42D31E635008E5581 /* PBXTargetDependency */,
			);
			fileSystemSynchronizedGroups = (
				3D2119C52D31E635008E5581 /* iOS-spaceX-quantiUITests */,
			);
			name = "iOS-spaceX-quantiUITests";
			packageProductDependencies = (
			);
			productName = "iOS-spaceX-quantiUITests";
			productReference = 3D2119C22D31E635008E5581 /* iOS-spaceX-quantiUITests.xctest */;
			productType = "com.apple.product-type.bundle.ui-testing";
		};
/* End PBXNativeTarget section */

/* Begin PBXProject section */
		3D21199E2D31E633008E5581 /* Project object */ = {
			isa = PBXProject;
			attributes = {
				BuildIndependentTargetsInParallel = 1;
				LastSwiftUpdateCheck = 1620;
				LastUpgradeCheck = 1620;
				TargetAttributes = {
					3D2119A52D31E633008E5581 = {
						CreatedOnToolsVersion = 16.2;
					};
					3D2119B72D31E635008E5581 = {
						CreatedOnToolsVersion = 16.2;
						TestTargetID = 3D2119A52D31E633008E5581;
					};
					3D2119C12D31E635008E5581 = {
						CreatedOnToolsVersion = 16.2;
						TestTargetID = 3D2119A52D31E633008E5581;
					};
				};
			};
			buildConfigurationList = 3D2119A12D31E633008E5581 /* Build configuration list for PBXProject "iOS-spaceX-quanti" */;
			developmentRegion = en;
			hasScannedForEncodings = 0;
			knownRegions = (
				en,
				Base,
			);
			mainGroup = 3D21199D2D31E633008E5581;
			minimizedProjectReferenceProxies = 1;
			packageReferences = (
				3D7001732D31E92D007D24AB /* XCRemoteSwiftPackageReference "swift-composable-architecture" */,
			);
			preferredProjectObjectVersion = 77;
			productRefGroup = 3D2119A72D31E633008E5581 /* Products */;
			projectDirPath = "";
			projectRoot = "";
			targets = (
				3D2119A52D31E633008E5581 /* iOS-spaceX-quanti */,
				3D2119B72D31E635008E5581 /* iOS-spaceX-quantiTests */,
				3D2119C12D31E635008E5581 /* iOS-spaceX-quantiUITests */,
			);
		};
/* End PBXProject section */

/* Begin PBXResourcesBuildPhase section */
		3D2119A42D31E633008E5581 /* Resources */ = {
			isa = PBXResourcesBuildPhase;
			buildActionMask = 2147483647;
			files = (
			);
			runOnlyForDeploymentPostprocessing = 0;
		};
		3D2119B62D31E635008E5581 /* Resources */ = {
			isa = PBXResourcesBuildPhase;
			buildActionMask = 2147483647;
			files = (
			);
			runOnlyForDeploymentPostprocessing = 0;
		};
		3D2119C02D31E635008E5581 /* Resources */ = {
			isa = PBXResourcesBuildPhase;
			buildActionMask = 2147483647;
			files = (
			);
			runOnlyForDeploymentPostprocessing = 0;
		};
/* End PBXResourcesBuildPhase section */

/* Begin PBXShellScriptBuildPhase section */
		3D1B304E2D347EDB00C69835 /* Swiftlint */ = {
			isa = PBXShellScriptBuildPhase;
			buildActionMask = 2147483647;
			files = (
			);
			inputFileListPaths = (
			);
			inputPaths = (
			);
			name = Swiftlint;
			outputFileListPaths = (
			);
			outputPaths = (
			);
			runOnlyForDeploymentPostprocessing = 0;
			shellPath = /bin/sh;
			shellScript = "if test -d \"/opt/homebrew/bin/\"; then\n  PATH=\"/opt/homebrew/bin/:${PATH}\"\nfi\n\nif which swiftlint >/dev/null; then\n  swiftlint --config .swiftlint.yml\nelse\n  echo \"warning: SwiftLint not installed, download from https://github.com/realm/SwiftLint\"\nfi\n";
		};
/* End PBXShellScriptBuildPhase section */

/* Begin PBXSourcesBuildPhase section */
		3D2119A22D31E633008E5581 /* Sources */ = {
			isa = PBXSourcesBuildPhase;
			buildActionMask = 2147483647;
			files = (
			);
			runOnlyForDeploymentPostprocessing = 0;
		};
		3D2119B42D31E635008E5581 /* Sources */ = {
			isa = PBXSourcesBuildPhase;
			buildActionMask = 2147483647;
			files = (
			);
			runOnlyForDeploymentPostprocessing = 0;
		};
		3D2119BE2D31E635008E5581 /* Sources */ = {
			isa = PBXSourcesBuildPhase;
			buildActionMask = 2147483647;
			files = (
			);
			runOnlyForDeploymentPostprocessing = 0;
		};
/* End PBXSourcesBuildPhase section */

/* Begin PBXTargetDependency section */
		3D2119BA2D31E635008E5581 /* PBXTargetDependency */ = {
			isa = PBXTargetDependency;
			target = 3D2119A52D31E633008E5581 /* iOS-spaceX-quanti */;
			targetProxy = 3D2119B92D31E635008E5581 /* PBXContainerItemProxy */;
		};
		3D2119C42D31E635008E5581 /* PBXTargetDependency */ = {
			isa = PBXTargetDependency;
			target = 3D2119A52D31E633008E5581 /* iOS-spaceX-quanti */;
			targetProxy = 3D2119C32D31E635008E5581 /* PBXContainerItemProxy */;
		};
/* End PBXTargetDependency section */

/* Begin XCBuildConfiguration section */
		3D2119CA2D31E635008E5581 /* Debug */ = {
			isa = XCBuildConfiguration;
			buildSettings = {
				ALWAYS_SEARCH_USER_PATHS = NO;
				ASSETCATALOG_COMPILER_GENERATE_SWIFT_ASSET_SYMBOL_EXTENSIONS = YES;
				CLANG_ANALYZER_NONNULL = YES;
				CLANG_ANALYZER_NUMBER_OBJECT_CONVERSION = YES_AGGRESSIVE;
				CLANG_CXX_LANGUAGE_STANDARD = "gnu++20";
				CLANG_ENABLE_MODULES = YES;
				CLANG_ENABLE_OBJC_ARC = YES;
				CLANG_ENABLE_OBJC_WEAK = YES;
				CLANG_WARN_BLOCK_CAPTURE_AUTORELEASING = YES;
				CLANG_WARN_BOOL_CONVERSION = YES;
				CLANG_WARN_COMMA = YES;
				CLANG_WARN_CONSTANT_CONVERSION = YES;
				CLANG_WARN_DEPRECATED_OBJC_IMPLEMENTATIONS = YES;
				CLANG_WARN_DIRECT_OBJC_ISA_USAGE = YES_ERROR;
				CLANG_WARN_DOCUMENTATION_COMMENTS = YES;
				CLANG_WARN_EMPTY_BODY = YES;
				CLANG_WARN_ENUM_CONVERSION = YES;
				CLANG_WARN_INFINITE_RECURSION = YES;
				CLANG_WARN_INT_CONVERSION = YES;
				CLANG_WARN_NON_LITERAL_NULL_CONVERSION = YES;
				CLANG_WARN_OBJC_IMPLICIT_RETAIN_SELF = YES;
				CLANG_WARN_OBJC_LITERAL_CONVERSION = YES;
				CLANG_WARN_OBJC_ROOT_CLASS = YES_ERROR;
				CLANG_WARN_QUOTED_INCLUDE_IN_FRAMEWORK_HEADER = YES;
				CLANG_WARN_RANGE_LOOP_ANALYSIS = YES;
				CLANG_WARN_STRICT_PROTOTYPES = YES;
				CLANG_WARN_SUSPICIOUS_MOVE = YES;
				CLANG_WARN_UNGUARDED_AVAILABILITY = YES_AGGRESSIVE;
				CLANG_WARN_UNREACHABLE_CODE = YES;
				CLANG_WARN__DUPLICATE_METHOD_MATCH = YES;
				COPY_PHASE_STRIP = NO;
				DEBUG_INFORMATION_FORMAT = dwarf;
				ENABLE_STRICT_OBJC_MSGSEND = YES;
				ENABLE_TESTABILITY = YES;
				ENABLE_USER_SCRIPT_SANDBOXING = NO;
				GCC_C_LANGUAGE_STANDARD = gnu17;
				GCC_DYNAMIC_NO_PIC = NO;
				GCC_NO_COMMON_BLOCKS = YES;
				GCC_OPTIMIZATION_LEVEL = 0;
				GCC_PREPROCESSOR_DEFINITIONS = (
					"DEBUG=1",
					"$(inherited)",
				);
				GCC_WARN_64_TO_32_BIT_CONVERSION = YES;
				GCC_WARN_ABOUT_RETURN_TYPE = YES_ERROR;
				GCC_WARN_UNDECLARED_SELECTOR = YES;
				GCC_WARN_UNINITIALIZED_AUTOS = YES_AGGRESSIVE;
				GCC_WARN_UNUSED_FUNCTION = YES;
				GCC_WARN_UNUSED_VARIABLE = YES;
				IPHONEOS_DEPLOYMENT_TARGET = 18.2;
				LOCALIZATION_PREFERS_STRING_CATALOGS = YES;
				MTL_ENABLE_DEBUG_INFO = INCLUDE_SOURCE;
				MTL_FAST_MATH = YES;
				ONLY_ACTIVE_ARCH = YES;
				SDKROOT = iphoneos;
				SWIFT_ACTIVE_COMPILATION_CONDITIONS = "DEBUG $(inherited)";
				SWIFT_EMIT_LOC_STRINGS = YES;
				SWIFT_OPTIMIZATION_LEVEL = "-Onone";
			};
			name = Debug;
		};
		3D2119CB2D31E635008E5581 /* Release */ = {
			isa = XCBuildConfiguration;
			buildSettings = {
				ALWAYS_SEARCH_USER_PATHS = NO;
				ASSETCATALOG_COMPILER_GENERATE_SWIFT_ASSET_SYMBOL_EXTENSIONS = YES;
				CLANG_ANALYZER_NONNULL = YES;
				CLANG_ANALYZER_NUMBER_OBJECT_CONVERSION = YES_AGGRESSIVE;
				CLANG_CXX_LANGUAGE_STANDARD = "gnu++20";
				CLANG_ENABLE_MODULES = YES;
				CLANG_ENABLE_OBJC_ARC = YES;
				CLANG_ENABLE_OBJC_WEAK = YES;
				CLANG_WARN_BLOCK_CAPTURE_AUTORELEASING = YES;
				CLANG_WARN_BOOL_CONVERSION = YES;
				CLANG_WARN_COMMA = YES;
				CLANG_WARN_CONSTANT_CONVERSION = YES;
				CLANG_WARN_DEPRECATED_OBJC_IMPLEMENTATIONS = YES;
				CLANG_WARN_DIRECT_OBJC_ISA_USAGE = YES_ERROR;
				CLANG_WARN_DOCUMENTATION_COMMENTS = YES;
				CLANG_WARN_EMPTY_BODY = YES;
				CLANG_WARN_ENUM_CONVERSION = YES;
				CLANG_WARN_INFINITE_RECURSION = YES;
				CLANG_WARN_INT_CONVERSION = YES;
				CLANG_WARN_NON_LITERAL_NULL_CONVERSION = YES;
				CLANG_WARN_OBJC_IMPLICIT_RETAIN_SELF = YES;
				CLANG_WARN_OBJC_LITERAL_CONVERSION = YES;
				CLANG_WARN_OBJC_ROOT_CLASS = YES_ERROR;
				CLANG_WARN_QUOTED_INCLUDE_IN_FRAMEWORK_HEADER = YES;
				CLANG_WARN_RANGE_LOOP_ANALYSIS = YES;
				CLANG_WARN_STRICT_PROTOTYPES = YES;
				CLANG_WARN_SUSPICIOUS_MOVE = YES;
				CLANG_WARN_UNGUARDED_AVAILABILITY = YES_AGGRESSIVE;
				CLANG_WARN_UNREACHABLE_CODE = YES;
				CLANG_WARN__DUPLICATE_METHOD_MATCH = YES;
				COPY_PHASE_STRIP = NO;
				DEBUG_INFORMATION_FORMAT = "dwarf-with-dsym";
				ENABLE_NS_ASSERTIONS = NO;
				ENABLE_STRICT_OBJC_MSGSEND = YES;
				ENABLE_USER_SCRIPT_SANDBOXING = NO;
				GCC_C_LANGUAGE_STANDARD = gnu17;
				GCC_NO_COMMON_BLOCKS = YES;
				GCC_WARN_64_TO_32_BIT_CONVERSION = YES;
				GCC_WARN_ABOUT_RETURN_TYPE = YES_ERROR;
				GCC_WARN_UNDECLARED_SELECTOR = YES;
				GCC_WARN_UNINITIALIZED_AUTOS = YES_AGGRESSIVE;
				GCC_WARN_UNUSED_FUNCTION = YES;
				GCC_WARN_UNUSED_VARIABLE = YES;
				IPHONEOS_DEPLOYMENT_TARGET = 18.2;
				LOCALIZATION_PREFERS_STRING_CATALOGS = YES;
				MTL_ENABLE_DEBUG_INFO = NO;
				MTL_FAST_MATH = YES;
				SDKROOT = iphoneos;
				SWIFT_COMPILATION_MODE = wholemodule;
				SWIFT_EMIT_LOC_STRINGS = YES;
				VALIDATE_PRODUCT = YES;
			};
			name = Release;
		};
		3D2119CD2D31E635008E5581 /* Debug */ = {
			isa = XCBuildConfiguration;
			buildSettings = {
				ASSETCATALOG_COMPILER_APPICON_NAME = AppIcon;
				ASSETCATALOG_COMPILER_GLOBAL_ACCENT_COLOR_NAME = AccentColor;
				CODE_SIGN_STYLE = Automatic;
				CURRENT_PROJECT_VERSION = 1;
				DEVELOPMENT_ASSET_PATHS = "\"iOS-spaceX-quanti/Preview Content\"";
				DEVELOPMENT_TEAM = 9Q6922742Y;
				ENABLE_PREVIEWS = YES;
				GENERATE_INFOPLIST_FILE = YES;
				INFOPLIST_KEY_CFBundleDisplayName = SpaceX;
				INFOPLIST_KEY_UIApplicationSceneManifest_Generation = YES;
				INFOPLIST_KEY_UIApplicationSupportsIndirectInputEvents = YES;
				INFOPLIST_KEY_UILaunchScreen_Generation = YES;
				INFOPLIST_KEY_UISupportedInterfaceOrientations_iPad = "UIInterfaceOrientationPortrait UIInterfaceOrientationPortraitUpsideDown UIInterfaceOrientationLandscapeLeft UIInterfaceOrientationLandscapeRight";
				INFOPLIST_KEY_UISupportedInterfaceOrientations_iPhone = "UIInterfaceOrientationPortrait UIInterfaceOrientationLandscapeLeft UIInterfaceOrientationLandscapeRight";
				IPHONEOS_DEPLOYMENT_TARGET = 17;
				LD_RUNPATH_SEARCH_PATHS = (
					"$(inherited)",
					"@executable_path/Frameworks",
				);
				MARKETING_VERSION = 1.0;
				PRODUCT_BUNDLE_IDENTIFIER = "sk.jantimar.iOS-spaceX-quanti";
				PRODUCT_NAME = "$(TARGET_NAME)";
				SWIFT_EMIT_LOC_STRINGS = YES;
				SWIFT_VERSION = 5.0;
				TARGETED_DEVICE_FAMILY = "1,2";
			};
			name = Debug;
		};
		3D2119CE2D31E635008E5581 /* Release */ = {
			isa = XCBuildConfiguration;
			buildSettings = {
				ASSETCATALOG_COMPILER_APPICON_NAME = AppIcon;
				ASSETCATALOG_COMPILER_GLOBAL_ACCENT_COLOR_NAME = AccentColor;
				CODE_SIGN_STYLE = Automatic;
				CURRENT_PROJECT_VERSION = 1;
				DEVELOPMENT_ASSET_PATHS = "\"iOS-spaceX-quanti/Preview Content\"";
				DEVELOPMENT_TEAM = 9Q6922742Y;
				ENABLE_PREVIEWS = YES;
				GENERATE_INFOPLIST_FILE = YES;
				INFOPLIST_KEY_CFBundleDisplayName = SpaceX;
				INFOPLIST_KEY_UIApplicationSceneManifest_Generation = YES;
				INFOPLIST_KEY_UIApplicationSupportsIndirectInputEvents = YES;
				INFOPLIST_KEY_UILaunchScreen_Generation = YES;
				INFOPLIST_KEY_UISupportedInterfaceOrientations_iPad = "UIInterfaceOrientationPortrait UIInterfaceOrientationPortraitUpsideDown UIInterfaceOrientationLandscapeLeft UIInterfaceOrientationLandscapeRight";
				INFOPLIST_KEY_UISupportedInterfaceOrientations_iPhone = "UIInterfaceOrientationPortrait UIInterfaceOrientationLandscapeLeft UIInterfaceOrientationLandscapeRight";
				IPHONEOS_DEPLOYMENT_TARGET = 17;
				LD_RUNPATH_SEARCH_PATHS = (
					"$(inherited)",
					"@executable_path/Frameworks",
				);
				MARKETING_VERSION = 1.0;
				PRODUCT_BUNDLE_IDENTIFIER = "sk.jantimar.iOS-spaceX-quanti";
				PRODUCT_NAME = "$(TARGET_NAME)";
				SWIFT_EMIT_LOC_STRINGS = YES;
				SWIFT_VERSION = 5.0;
				TARGETED_DEVICE_FAMILY = "1,2";
			};
			name = Release;
		};
		3D2119D02D31E635008E5581 /* Debug */ = {
			isa = XCBuildConfiguration;
			buildSettings = {
				BUNDLE_LOADER = "$(TEST_HOST)";
				CODE_SIGN_STYLE = Automatic;
				CURRENT_PROJECT_VERSION = 1;
				DEVELOPMENT_TEAM = 9Q6922742Y;
				GENERATE_INFOPLIST_FILE = YES;
				IPHONEOS_DEPLOYMENT_TARGET = 18.2;
				MARKETING_VERSION = 1.0;
				PRODUCT_BUNDLE_IDENTIFIER = "sk.jantimar.iOS-spaceX-quantiTests";
				PRODUCT_NAME = "$(TARGET_NAME)";
				SWIFT_EMIT_LOC_STRINGS = NO;
				SWIFT_VERSION = 5.0;
				TARGETED_DEVICE_FAMILY = "1,2";
				TEST_HOST = "$(BUILT_PRODUCTS_DIR)/iOS-spaceX-quanti.app/$(BUNDLE_EXECUTABLE_FOLDER_PATH)/iOS-spaceX-quanti";
			};
			name = Debug;
		};
		3D2119D12D31E635008E5581 /* Release */ = {
			isa = XCBuildConfiguration;
			buildSettings = {
				BUNDLE_LOADER = "$(TEST_HOST)";
				CODE_SIGN_STYLE = Automatic;
				CURRENT_PROJECT_VERSION = 1;
				DEVELOPMENT_TEAM = 9Q6922742Y;
				GENERATE_INFOPLIST_FILE = YES;
				IPHONEOS_DEPLOYMENT_TARGET = 18.2;
				MARKETING_VERSION = 1.0;
				PRODUCT_BUNDLE_IDENTIFIER = "sk.jantimar.iOS-spaceX-quantiTests";
				PRODUCT_NAME = "$(TARGET_NAME)";
				SWIFT_EMIT_LOC_STRINGS = NO;
				SWIFT_VERSION = 5.0;
				TARGETED_DEVICE_FAMILY = "1,2";
				TEST_HOST = "$(BUILT_PRODUCTS_DIR)/iOS-spaceX-quanti.app/$(BUNDLE_EXECUTABLE_FOLDER_PATH)/iOS-spaceX-quanti";
			};
			name = Release;
		};
		3D2119D32D31E635008E5581 /* Debug */ = {
			isa = XCBuildConfiguration;
			buildSettings = {
				CODE_SIGN_STYLE = Automatic;
				CURRENT_PROJECT_VERSION = 1;
				DEVELOPMENT_TEAM = 9Q6922742Y;
				GENERATE_INFOPLIST_FILE = YES;
				MARKETING_VERSION = 1.0;
				PRODUCT_BUNDLE_IDENTIFIER = "sk.jantimar.iOS-spaceX-quantiUITests";
				PRODUCT_NAME = "$(TARGET_NAME)";
				SWIFT_EMIT_LOC_STRINGS = NO;
				SWIFT_VERSION = 5.0;
				TARGETED_DEVICE_FAMILY = "1,2";
				TEST_TARGET_NAME = "iOS-spaceX-quanti";
			};
			name = Debug;
		};
		3D2119D42D31E635008E5581 /* Release */ = {
			isa = XCBuildConfiguration;
			buildSettings = {
				CODE_SIGN_STYLE = Automatic;
				CURRENT_PROJECT_VERSION = 1;
				DEVELOPMENT_TEAM = 9Q6922742Y;
				GENERATE_INFOPLIST_FILE = YES;
				MARKETING_VERSION = 1.0;
				PRODUCT_BUNDLE_IDENTIFIER = "sk.jantimar.iOS-spaceX-quantiUITests";
				PRODUCT_NAME = "$(TARGET_NAME)";
				SWIFT_EMIT_LOC_STRINGS = NO;
				SWIFT_VERSION = 5.0;
				TARGETED_DEVICE_FAMILY = "1,2";
				TEST_TARGET_NAME = "iOS-spaceX-quanti";
			};
			name = Release;
		};
/* End XCBuildConfiguration section */

/* Begin XCConfigurationList section */
		3D2119A12D31E633008E5581 /* Build configuration list for PBXProject "iOS-spaceX-quanti" */ = {
			isa = XCConfigurationList;
			buildConfigurations = (
				3D2119CA2D31E635008E5581 /* Debug */,
				3D2119CB2D31E635008E5581 /* Release */,
			);
			defaultConfigurationIsVisible = 0;
			defaultConfigurationName = Release;
		};
		3D2119CC2D31E635008E5581 /* Build configuration list for PBXNativeTarget "iOS-spaceX-quanti" */ = {
			isa = XCConfigurationList;
			buildConfigurations = (
				3D2119CD2D31E635008E5581 /* Debug */,
				3D2119CE2D31E635008E5581 /* Release */,
			);
			defaultConfigurationIsVisible = 0;
			defaultConfigurationName = Release;
		};
		3D2119CF2D31E635008E5581 /* Build configuration list for PBXNativeTarget "iOS-spaceX-quantiTests" */ = {
			isa = XCConfigurationList;
			buildConfigurations = (
				3D2119D02D31E635008E5581 /* Debug */,
				3D2119D12D31E635008E5581 /* Release */,
			);
			defaultConfigurationIsVisible = 0;
			defaultConfigurationName = Release;
		};
		3D2119D22D31E635008E5581 /* Build configuration list for PBXNativeTarget "iOS-spaceX-quantiUITests" */ = {
			isa = XCConfigurationList;
			buildConfigurations = (
				3D2119D32D31E635008E5581 /* Debug */,
				3D2119D42D31E635008E5581 /* Release */,
			);
			defaultConfigurationIsVisible = 0;
			defaultConfigurationName = Release;
		};
/* End XCConfigurationList section */

/* Begin XCRemoteSwiftPackageReference section */
		3D7001732D31E92D007D24AB /* XCRemoteSwiftPackageReference "swift-composable-architecture" */ = {
			isa = XCRemoteSwiftPackageReference;
			repositoryURL = "https://github.com/pointfreeco/swift-composable-architecture";
			requirement = {
				kind = upToNextMajorVersion;
				minimumVersion = 1.17.1;
			};
		};
/* End XCRemoteSwiftPackageReference section */

/* Begin XCSwiftPackageProductDependency section */
		3D1B2F8C2D34126F00C69835 /* Utils */ = {
			isa = XCSwiftPackageProductDependency;
			productName = Utils;
		};
		3D1B2F952D34239D00C69835 /* Models */ = {
			isa = XCSwiftPackageProductDependency;
			productName = Models;
		};
		3D70017F2D31EB13007D24AB /* ComposableArchitecture */ = {
			isa = XCSwiftPackageProductDependency;
			package = 3D7001732D31E92D007D24AB /* XCRemoteSwiftPackageReference "swift-composable-architecture" */;
			productName = ComposableArchitecture;
		};
		3D7001CE2D3292C6007D24AB /* SpaceXApiService */ = {
			isa = XCSwiftPackageProductDependency;
			productName = SpaceXApiService;
		};
		3D7001EA2D340B15007D24AB /* Atoms */ = {
			isa = XCSwiftPackageProductDependency;
			productName = Atoms;
		};
		3D7001EC2D340B15007D24AB /* Locs */ = {
			isa = XCSwiftPackageProductDependency;
			productName = Locs;
		};
		3D7001EE2D340B15007D24AB /* Molecules */ = {
			isa = XCSwiftPackageProductDependency;
			productName = Molecules;
		};
		3D7001F02D340B15007D24AB /* Organisms */ = {
			isa = XCSwiftPackageProductDependency;
			productName = Organisms;
		};
		3D7001F22D340B15007D24AB /* Style */ = {
			isa = XCSwiftPackageProductDependency;
			productName = Style;
		};
		3D7001F42D340B15007D24AB /* Templates */ = {
			isa = XCSwiftPackageProductDependency;
			productName = Templates;
		};
/* End XCSwiftPackageProductDependency section */
	};
	rootObject = 3D21199E2D31E633008E5581 /* Project object */;
}
